# @generated by Move, please check-in and do not edit manually.

[move]
version = 0
manifest_digest = "6E8ECA44A8DAFB48E044ED968CE267E841E60A5B0DC1A82854AA386F7A5E48DD"
deps_digest = "F8BBB0CCB2491CA29A3DF03D6F92277A4F3574266507ACD77214D37ECA3F3082"

dependencies = [
  { name = "Mgo" },
]

[[move.package]]
name = "Mgo"
source = { git = "https://github.com/MangoNetworkOs/Mango.git", rev = "framework/testnet", subdir = "crates/mgo-framework/packages/mgo-framework" }

dependencies = [
  { name = "MoveStdlib" },
]

[[move.package]]
name = "MoveStdlib"
source = { git = "https://github.com/MangoNetworkOs/Mango.git", rev = "framework/testnet", subdir = "crates/mgo-framework/packages/move-stdlib" }
