# @generated by Move, please check-in and do not edit manually.

[move]
version = 0
manifest_digest = "98C9EE81383CD100926FCDC795270EAF327CAF86DF64833CA02098B96077E0F4"
deps_digest = "F8BBB0CCB2491CA29A3DF03D6F92277A4F3574266507ACD77214D37ECA3F3082"

dependencies = [
  { name = "Mgo" },
]

[[move.package]]
name = "Mgo"
source = { git = "https://github.com/MangoNetworkOs/Mango.git", rev = "framework/devnet", subdir = "crates/mgo-framework/packages/mgo-framework" }

dependencies = [
  { name = "MoveStdlib" },
]

[[move.package]]
name = "MoveStdlib"
source = { git = "https://github.com/MangoNetworkOs/Mango.git", rev = "framework/devnet", subdir = "crates/mgo-framework/packages/move-stdlib" }

[move.toolchain-version]
compiler-version = "1.0.0"
edition = "legacy"
flavor = "mgo"
